
Microsoft Visual Studio Solution File, Format Version 12.00
# Visual Studio 15
VisualStudioVersion = 15.0.27130.2026
MinimumVisualStudioVersion = 10.0.40219.1
Project("{2150E333-8FDC-42A3-9474-1A3956D46DE8}") = "Creational", "Creational", "{5C31FBCC-7988-47E5-A130-40FB8E3066A9}"
EndProject
Project("{2150E333-8FDC-42A3-9474-1A3956D46DE8}") = "Structural", "Structural", "{907F9C46-ABB2-43CB-A363-48493F60FC84}"
EndProject
Project("{FAE04EC0-301F-11D3-BF4B-00C04F79EFBC}") = "StockHistoryExample", "Adapter\StockHistoryExample.csproj", "{006396F7-D1FB-4692-9051-BFE60D7E12E1}"
EndProject
Project("{2150E333-8FDC-42A3-9474-1A3956D46DE8}") = "Adapter", "Adapter", "{DAC7C186-462A-41A7-9C33-D494AFB3258D}"
EndProject
Project("{2150E333-8FDC-42A3-9474-1A3956D46DE8}") = "Template", "Template", "{974F1153-FFF2-4466-87E6-243860249725}"
EndProject
Project("{FAE04EC0-301F-11D3-BF4B-00C04F79EFBC}") = "AdapterPattern", "Adapter\Template\AdapterPattern.csproj", "{1B85FACE-69C7-4165-ABF2-F219CB1B3888}"
EndProject
Project("{2150E333-8FDC-42A3-9474-1A3956D46DE8}") = "Bridge", "Bridge", "{96712743-2DC6-49D3-AC06-FD1515442DD9}"
EndProject
Project("{FAE04EC0-301F-11D3-BF4B-00C04F79EFBC}") = "BridgePattern", "Bridge\BridgePattern\BridgePattern.csproj", "{506BF2D3-E031-4CDB-90A0-D0F3779E99CA}"
EndProject
Project("{FAE04EC0-301F-11D3-BF4B-00C04F79EFBC}") = "ChartingLibraryExample", "Bridge\ChartingLibraryExample\ChartingLibraryExample.csproj", "{46C9C0E2-5E6A-4CA0-B174-84CF77A511DD}"
EndProject
Project("{2150E333-8FDC-42A3-9474-1A3956D46DE8}") = "Composite", "Composite", "{9BE08939-EAE8-4224-AC70-3A2E89FE5EB1}"
EndProject
Project("{2150E333-8FDC-42A3-9474-1A3956D46DE8}") = "Decorator", "Decorator", "{8574DB4B-E280-4330-97BB-0B98D20ADA62}"
EndProject
Project("{FAE04EC0-301F-11D3-BF4B-00C04F79EFBC}") = "DecoratorPattern", "Decorator\DecoratorPattern\DecoratorPattern.csproj", "{160A6FC3-ECDE-4B48-907E-564FC4904BFA}"
EndProject
Project("{FAE04EC0-301F-11D3-BF4B-00C04F79EFBC}") = "PizzaRestaurantExample", "Decorator\PizzaRestaurantExample\PizzaRestaurantExample.csproj", "{E94C69CB-D7F5-4274-B0F5-340A91E76430}"
EndProject
Project("{2150E333-8FDC-42A3-9474-1A3956D46DE8}") = "Facade", "Facade", "{8EAE221C-985F-4998-90C2-1BAEA258851C}"
EndProject
Project("{FAE04EC0-301F-11D3-BF4B-00C04F79EFBC}") = "FacadePattern", "Facade\FacadePattern\FacadePattern.csproj", "{EDCBFBC4-E2E0-4980-8F1D-CA0206AD6E92}"
EndProject
Project("{FAE04EC0-301F-11D3-BF4B-00C04F79EFBC}") = "MutualFundExample", "Facade\MutualFundExample\MutualFundExample.csproj", "{FB60A65B-15CF-4FF5-8F94-0B90B2F20D0C}"
EndProject
Project("{2150E333-8FDC-42A3-9474-1A3956D46DE8}") = "Proxy", "Proxy", "{DBF17F44-5DEF-4FBF-A1D6-D821E504D233}"
EndProject
Project("{FAE04EC0-301F-11D3-BF4B-00C04F79EFBC}") = "ProxyPattern", "Proxy\ProxyPattern\ProxyPattern.csproj", "{FB427D48-EB31-46B8-B779-8BE0A2D0F480}"
EndProject
Project("{FAE04EC0-301F-11D3-BF4B-00C04F79EFBC}") = "BitcoinExample", "Proxy\BitcoinExample\BitcoinExample.csproj", "{70EC0759-A9B9-49C3-8E34-FA3DEFECF401}"
EndProject
Project("{FAE04EC0-301F-11D3-BF4B-00C04F79EFBC}") = "CompositePattern", "Composite\CompositePattern\CompositePattern.csproj", "{E6001318-1D3A-4B58-A8F9-1C433BFD7960}"
EndProject
Project("{FAE04EC0-301F-11D3-BF4B-00C04F79EFBC}") = "HtmlRenderExample", "Composite\HtmlRenderExample\HtmlRenderExample.csproj", "{CA4C2E97-F565-4FC8-B7AD-FD63AEB4A8CC}"
EndProject
Project("{FAE04EC0-301F-11D3-BF4B-00C04F79EFBC}") = "CQRS", "CQRS\CQRS.csproj", "{5CBD815A-193E-4A83-B425-16953BFD9354}"
EndProject
Project("{FAE04EC0-301F-11D3-BF4B-00C04F79EFBC}") = "DelegationAndEvents", "DelegationAndEvents\DelegationAndEvents.csproj", "{83EBA8E4-89F3-41F0-8FA0-FB3E12C24854}"
EndProject
Project("{FAE04EC0-301F-11D3-BF4B-00C04F79EFBC}") = "Delegation", "Delegation\Delegation.csproj", "{E5A08D06-4D94-41FC-A893-AA5C6BA762DE}"
EndProject
Project("{FAE04EC0-301F-11D3-BF4B-00C04F79EFBC}") = "AbstractFactory", "AbstractFactory\AbstractFactory.csproj", "{21A077F3-E229-4A54-9A82-6A2917211DD0}"
EndProject
Project("{FAE04EC0-301F-11D3-BF4B-00C04F79EFBC}") = "Client", "Client\Client.csproj", "{BF6D6BAC-6C3E-4E1F-AD1F-4DD128568047}"
EndProject
Project("{2150E333-8FDC-42A3-9474-1A3956D46DE8}") = "Behavioural", "Behavioural", "{DE71885B-5EE0-4949-AA7A-4E3D4F63D9E9}"
EndProject
Project("{FAE04EC0-301F-11D3-BF4B-00C04F79EFBC}") = "Strategy", "Strategy\Strategy.csproj", "{8D89AFB8-ED2B-4973-B64C-AEA2CBD56FA0}"
EndProject
Project("{9A19103F-16F7-4668-BE54-9A1E7A4F7556}") = "Strategy-Client", "Strategy-Client\Strategy-Client.csproj", "{44D4DCBF-C121-4584-A9E7-783819324E26}"
EndProject
Project("{FAE04EC0-301F-11D3-BF4B-00C04F79EFBC}") = "Observer", "Observer\Observer.csproj", "{8F748011-DBB1-4C48-814C-7C695AD43C77}"
EndProject
Project("{FAE04EC0-301F-11D3-BF4B-00C04F79EFBC}") = "Observer-Client", "Observer-Client\Observer-Client.csproj", "{B67D2737-2157-44EC-93E1-362A575DA413}"
EndProject
Global
	GlobalSection(SolutionConfigurationPlatforms) = preSolution
		Debug|Any CPU = Debug|Any CPU
		Debug|x86 = Debug|x86
		Release|Any CPU = Release|Any CPU
		Release|x86 = Release|x86
	EndGlobalSection
	GlobalSection(ProjectConfigurationPlatforms) = postSolution
		{006396F7-D1FB-4692-9051-BFE60D7E12E1}.Debug|Any CPU.ActiveCfg = Debug|x86
		{006396F7-D1FB-4692-9051-BFE60D7E12E1}.Debug|x86.ActiveCfg = Debug|x86
		{006396F7-D1FB-4692-9051-BFE60D7E12E1}.Debug|x86.Build.0 = Debug|x86
		{006396F7-D1FB-4692-9051-BFE60D7E12E1}.Release|Any CPU.ActiveCfg = Release|x86
		{006396F7-D1FB-4692-9051-BFE60D7E12E1}.Release|x86.ActiveCfg = Release|x86
		{006396F7-D1FB-4692-9051-BFE60D7E12E1}.Release|x86.Build.0 = Release|x86
		{1B85FACE-69C7-4165-ABF2-F219CB1B3888}.Debug|Any CPU.ActiveCfg = Debug|x86
		{1B85FACE-69C7-4165-ABF2-F219CB1B3888}.Debug|x86.ActiveCfg = Debug|x86
		{1B85FACE-69C7-4165-ABF2-F219CB1B3888}.Debug|x86.Build.0 = Debug|x86
		{1B85FACE-69C7-4165-ABF2-F219CB1B3888}.Release|Any CPU.ActiveCfg = Release|x86
		{1B85FACE-69C7-4165-ABF2-F219CB1B3888}.Release|x86.ActiveCfg = Release|x86
		{1B85FACE-69C7-4165-ABF2-F219CB1B3888}.Release|x86.Build.0 = Release|x86
		{506BF2D3-E031-4CDB-90A0-D0F3779E99CA}.Debug|Any CPU.ActiveCfg = Debug|x86
		{506BF2D3-E031-4CDB-90A0-D0F3779E99CA}.Debug|x86.ActiveCfg = Debug|x86
		{506BF2D3-E031-4CDB-90A0-D0F3779E99CA}.Debug|x86.Build.0 = Debug|x86
		{506BF2D3-E031-4CDB-90A0-D0F3779E99CA}.Release|Any CPU.ActiveCfg = Release|x86
		{506BF2D3-E031-4CDB-90A0-D0F3779E99CA}.Release|x86.ActiveCfg = Release|x86
		{506BF2D3-E031-4CDB-90A0-D0F3779E99CA}.Release|x86.Build.0 = Release|x86
		{46C9C0E2-5E6A-4CA0-B174-84CF77A511DD}.Debug|Any CPU.ActiveCfg = Debug|x86
		{46C9C0E2-5E6A-4CA0-B174-84CF77A511DD}.Debug|x86.ActiveCfg = Debug|x86
		{46C9C0E2-5E6A-4CA0-B174-84CF77A511DD}.Debug|x86.Build.0 = Debug|x86
		{46C9C0E2-5E6A-4CA0-B174-84CF77A511DD}.Release|Any CPU.ActiveCfg = Release|x86
		{46C9C0E2-5E6A-4CA0-B174-84CF77A511DD}.Release|x86.ActiveCfg = Release|x86
		{46C9C0E2-5E6A-4CA0-B174-84CF77A511DD}.Release|x86.Build.0 = Release|x86
		{160A6FC3-ECDE-4B48-907E-564FC4904BFA}.Debug|Any CPU.ActiveCfg = Debug|x86
		{160A6FC3-ECDE-4B48-907E-564FC4904BFA}.Debug|x86.ActiveCfg = Debug|x86
		{160A6FC3-ECDE-4B48-907E-564FC4904BFA}.Debug|x86.Build.0 = Debug|x86
		{160A6FC3-ECDE-4B48-907E-564FC4904BFA}.Release|Any CPU.ActiveCfg = Release|x86
		{160A6FC3-ECDE-4B48-907E-564FC4904BFA}.Release|x86.ActiveCfg = Release|x86
		{160A6FC3-ECDE-4B48-907E-564FC4904BFA}.Release|x86.Build.0 = Release|x86
		{E94C69CB-D7F5-4274-B0F5-340A91E76430}.Debug|Any CPU.ActiveCfg = Debug|x86
		{E94C69CB-D7F5-4274-B0F5-340A91E76430}.Debug|x86.ActiveCfg = Debug|x86
		{E94C69CB-D7F5-4274-B0F5-340A91E76430}.Debug|x86.Build.0 = Debug|x86
		{E94C69CB-D7F5-4274-B0F5-340A91E76430}.Release|Any CPU.ActiveCfg = Release|x86
		{E94C69CB-D7F5-4274-B0F5-340A91E76430}.Release|x86.ActiveCfg = Release|x86
		{E94C69CB-D7F5-4274-B0F5-340A91E76430}.Release|x86.Build.0 = Release|x86
		{EDCBFBC4-E2E0-4980-8F1D-CA0206AD6E92}.Debug|Any CPU.ActiveCfg = Debug|x86
		{EDCBFBC4-E2E0-4980-8F1D-CA0206AD6E92}.Debug|x86.ActiveCfg = Debug|x86
		{EDCBFBC4-E2E0-4980-8F1D-CA0206AD6E92}.Debug|x86.Build.0 = Debug|x86
		{EDCBFBC4-E2E0-4980-8F1D-CA0206AD6E92}.Release|Any CPU.ActiveCfg = Release|x86
		{EDCBFBC4-E2E0-4980-8F1D-CA0206AD6E92}.Release|x86.ActiveCfg = Release|x86
		{EDCBFBC4-E2E0-4980-8F1D-CA0206AD6E92}.Release|x86.Build.0 = Release|x86
		{FB60A65B-15CF-4FF5-8F94-0B90B2F20D0C}.Debug|Any CPU.ActiveCfg = Debug|x86
		{FB60A65B-15CF-4FF5-8F94-0B90B2F20D0C}.Debug|x86.ActiveCfg = Debug|x86
		{FB60A65B-15CF-4FF5-8F94-0B90B2F20D0C}.Debug|x86.Build.0 = Debug|x86
		{FB60A65B-15CF-4FF5-8F94-0B90B2F20D0C}.Release|Any CPU.ActiveCfg = Release|x86
		{FB60A65B-15CF-4FF5-8F94-0B90B2F20D0C}.Release|x86.ActiveCfg = Release|x86
		{FB60A65B-15CF-4FF5-8F94-0B90B2F20D0C}.Release|x86.Build.0 = Release|x86
		{FB427D48-EB31-46B8-B779-8BE0A2D0F480}.Debug|Any CPU.ActiveCfg = Debug|x86
		{FB427D48-EB31-46B8-B779-8BE0A2D0F480}.Debug|x86.ActiveCfg = Debug|x86
		{FB427D48-EB31-46B8-B779-8BE0A2D0F480}.Debug|x86.Build.0 = Debug|x86
		{FB427D48-EB31-46B8-B779-8BE0A2D0F480}.Release|Any CPU.ActiveCfg = Release|x86
		{FB427D48-EB31-46B8-B779-8BE0A2D0F480}.Release|x86.ActiveCfg = Release|x86
		{FB427D48-EB31-46B8-B779-8BE0A2D0F480}.Release|x86.Build.0 = Release|x86
		{70EC0759-A9B9-49C3-8E34-FA3DEFECF401}.Debug|Any CPU.ActiveCfg = Debug|x86
		{70EC0759-A9B9-49C3-8E34-FA3DEFECF401}.Debug|x86.ActiveCfg = Debug|x86
		{70EC0759-A9B9-49C3-8E34-FA3DEFECF401}.Debug|x86.Build.0 = Debug|x86
		{70EC0759-A9B9-49C3-8E34-FA3DEFECF401}.Release|Any CPU.ActiveCfg = Release|x86
		{70EC0759-A9B9-49C3-8E34-FA3DEFECF401}.Release|x86.ActiveCfg = Release|x86
		{70EC0759-A9B9-49C3-8E34-FA3DEFECF401}.Release|x86.Build.0 = Release|x86
		{E6001318-1D3A-4B58-A8F9-1C433BFD7960}.Debug|Any CPU.ActiveCfg = Debug|x86
		{E6001318-1D3A-4B58-A8F9-1C433BFD7960}.Debug|x86.ActiveCfg = Debug|x86
		{E6001318-1D3A-4B58-A8F9-1C433BFD7960}.Debug|x86.Build.0 = Debug|x86
		{E6001318-1D3A-4B58-A8F9-1C433BFD7960}.Release|Any CPU.ActiveCfg = Release|x86
		{E6001318-1D3A-4B58-A8F9-1C433BFD7960}.Release|x86.ActiveCfg = Release|x86
		{E6001318-1D3A-4B58-A8F9-1C433BFD7960}.Release|x86.Build.0 = Release|x86
		{CA4C2E97-F565-4FC8-B7AD-FD63AEB4A8CC}.Debug|Any CPU.ActiveCfg = Debug|x86
		{CA4C2E97-F565-4FC8-B7AD-FD63AEB4A8CC}.Debug|x86.ActiveCfg = Debug|x86
		{CA4C2E97-F565-4FC8-B7AD-FD63AEB4A8CC}.Debug|x86.Build.0 = Debug|x86
		{CA4C2E97-F565-4FC8-B7AD-FD63AEB4A8CC}.Release|Any CPU.ActiveCfg = Release|x86
		{CA4C2E97-F565-4FC8-B7AD-FD63AEB4A8CC}.Release|x86.ActiveCfg = Release|x86
		{CA4C2E97-F565-4FC8-B7AD-FD63AEB4A8CC}.Release|x86.Build.0 = Release|x86
		{5CBD815A-193E-4A83-B425-16953BFD9354}.Debug|Any CPU.ActiveCfg = Debug|Any CPU
		{5CBD815A-193E-4A83-B425-16953BFD9354}.Debug|Any CPU.Build.0 = Debug|Any CPU
		{5CBD815A-193E-4A83-B425-16953BFD9354}.Debug|x86.ActiveCfg = Debug|Any CPU
		{5CBD815A-193E-4A83-B425-16953BFD9354}.Debug|x86.Build.0 = Debug|Any CPU
		{5CBD815A-193E-4A83-B425-16953BFD9354}.Release|Any CPU.ActiveCfg = Release|Any CPU
		{5CBD815A-193E-4A83-B425-16953BFD9354}.Release|Any CPU.Build.0 = Release|Any CPU
		{5CBD815A-193E-4A83-B425-16953BFD9354}.Release|x86.ActiveCfg = Release|Any CPU
		{5CBD815A-193E-4A83-B425-16953BFD9354}.Release|x86.Build.0 = Release|Any CPU
		{83EBA8E4-89F3-41F0-8FA0-FB3E12C24854}.Debug|Any CPU.ActiveCfg = Debug|Any CPU
		{83EBA8E4-89F3-41F0-8FA0-FB3E12C24854}.Debug|Any CPU.Build.0 = Debug|Any CPU
		{83EBA8E4-89F3-41F0-8FA0-FB3E12C24854}.Debug|x86.ActiveCfg = Debug|Any CPU
		{83EBA8E4-89F3-41F0-8FA0-FB3E12C24854}.Debug|x86.Build.0 = Debug|Any CPU
		{83EBA8E4-89F3-41F0-8FA0-FB3E12C24854}.Release|Any CPU.ActiveCfg = Release|Any CPU
		{83EBA8E4-89F3-41F0-8FA0-FB3E12C24854}.Release|Any CPU.Build.0 = Release|Any CPU
		{83EBA8E4-89F3-41F0-8FA0-FB3E12C24854}.Release|x86.ActiveCfg = Release|Any CPU
		{83EBA8E4-89F3-41F0-8FA0-FB3E12C24854}.Release|x86.Build.0 = Release|Any CPU
		{E5A08D06-4D94-41FC-A893-AA5C6BA762DE}.Debug|Any CPU.ActiveCfg = Debug|Any CPU
		{E5A08D06-4D94-41FC-A893-AA5C6BA762DE}.Debug|Any CPU.Build.0 = Debug|Any CPU
		{E5A08D06-4D94-41FC-A893-AA5C6BA762DE}.Debug|x86.ActiveCfg = Debug|Any CPU
		{E5A08D06-4D94-41FC-A893-AA5C6BA762DE}.Debug|x86.Build.0 = Debug|Any CPU
		{E5A08D06-4D94-41FC-A893-AA5C6BA762DE}.Release|Any CPU.ActiveCfg = Release|Any CPU
		{E5A08D06-4D94-41FC-A893-AA5C6BA762DE}.Release|Any CPU.Build.0 = Release|Any CPU
		{E5A08D06-4D94-41FC-A893-AA5C6BA762DE}.Release|x86.ActiveCfg = Release|Any CPU
		{E5A08D06-4D94-41FC-A893-AA5C6BA762DE}.Release|x86.Build.0 = Release|Any CPU
		{21A077F3-E229-4A54-9A82-6A2917211DD0}.Debug|Any CPU.ActiveCfg = Debug|Any CPU
		{21A077F3-E229-4A54-9A82-6A2917211DD0}.Debug|Any CPU.Build.0 = Debug|Any CPU
		{21A077F3-E229-4A54-9A82-6A2917211DD0}.Debug|x86.ActiveCfg = Debug|Any CPU
		{21A077F3-E229-4A54-9A82-6A2917211DD0}.Debug|x86.Build.0 = Debug|Any CPU
		{21A077F3-E229-4A54-9A82-6A2917211DD0}.Release|Any CPU.ActiveCfg = Release|Any CPU
		{21A077F3-E229-4A54-9A82-6A2917211DD0}.Release|Any CPU.Build.0 = Release|Any CPU
		{21A077F3-E229-4A54-9A82-6A2917211DD0}.Release|x86.ActiveCfg = Release|Any CPU
		{21A077F3-E229-4A54-9A82-6A2917211DD0}.Release|x86.Build.0 = Release|Any CPU
		{BF6D6BAC-6C3E-4E1F-AD1F-4DD128568047}.Debug|Any CPU.ActiveCfg = Debug|Any CPU
		{BF6D6BAC-6C3E-4E1F-AD1F-4DD128568047}.Debug|Any CPU.Build.0 = Debug|Any CPU
		{BF6D6BAC-6C3E-4E1F-AD1F-4DD128568047}.Debug|x86.ActiveCfg = Debug|Any CPU
		{BF6D6BAC-6C3E-4E1F-AD1F-4DD128568047}.Debug|x86.Build.0 = Debug|Any CPU
		{BF6D6BAC-6C3E-4E1F-AD1F-4DD128568047}.Release|Any CPU.ActiveCfg = Release|Any CPU
		{BF6D6BAC-6C3E-4E1F-AD1F-4DD128568047}.Release|Any CPU.Build.0 = Release|Any CPU
		{BF6D6BAC-6C3E-4E1F-AD1F-4DD128568047}.Release|x86.ActiveCfg = Release|Any CPU
		{BF6D6BAC-6C3E-4E1F-AD1F-4DD128568047}.Release|x86.Build.0 = Release|Any CPU
		{8D89AFB8-ED2B-4973-B64C-AEA2CBD56FA0}.Debug|Any CPU.ActiveCfg = Debug|Any CPU
		{8D89AFB8-ED2B-4973-B64C-AEA2CBD56FA0}.Debug|Any CPU.Build.0 = Debug|Any CPU
		{8D89AFB8-ED2B-4973-B64C-AEA2CBD56FA0}.Debug|x86.ActiveCfg = Debug|Any CPU
		{8D89AFB8-ED2B-4973-B64C-AEA2CBD56FA0}.Debug|x86.Build.0 = Debug|Any CPU
		{8D89AFB8-ED2B-4973-B64C-AEA2CBD56FA0}.Release|Any CPU.ActiveCfg = Release|Any CPU
		{8D89AFB8-ED2B-4973-B64C-AEA2CBD56FA0}.Release|Any CPU.Build.0 = Release|Any CPU
		{8D89AFB8-ED2B-4973-B64C-AEA2CBD56FA0}.Release|x86.ActiveCfg = Release|Any CPU
		{8D89AFB8-ED2B-4973-B64C-AEA2CBD56FA0}.Release|x86.Build.0 = Release|Any CPU
		{44D4DCBF-C121-4584-A9E7-783819324E26}.Debug|Any CPU.ActiveCfg = Debug|Any CPU
		{44D4DCBF-C121-4584-A9E7-783819324E26}.Debug|Any CPU.Build.0 = Debug|Any CPU
		{44D4DCBF-C121-4584-A9E7-783819324E26}.Debug|x86.ActiveCfg = Debug|Any CPU
		{44D4DCBF-C121-4584-A9E7-783819324E26}.Debug|x86.Build.0 = Debug|Any CPU
		{44D4DCBF-C121-4584-A9E7-783819324E26}.Release|Any CPU.ActiveCfg = Release|Any CPU
		{44D4DCBF-C121-4584-A9E7-783819324E26}.Release|Any CPU.Build.0 = Release|Any CPU
		{44D4DCBF-C121-4584-A9E7-783819324E26}.Release|x86.ActiveCfg = Release|Any CPU
		{44D4DCBF-C121-4584-A9E7-783819324E26}.Release|x86.Build.0 = Release|Any CPU
		{8F748011-DBB1-4C48-814C-7C695AD43C77}.Debug|Any CPU.ActiveCfg = Debug|Any CPU
		{8F748011-DBB1-4C48-814C-7C695AD43C77}.Debug|Any CPU.Build.0 = Debug|Any CPU
		{8F748011-DBB1-4C48-814C-7C695AD43C77}.Debug|x86.ActiveCfg = Debug|Any CPU
		{8F748011-DBB1-4C48-814C-7C695AD43C77}.Debug|x86.Build.0 = Debug|Any CPU
		{8F748011-DBB1-4C48-814C-7C695AD43C77}.Release|Any CPU.ActiveCfg = Release|Any CPU
		{8F748011-DBB1-4C48-814C-7C695AD43C77}.Release|Any CPU.Build.0 = Release|Any CPU
		{8F748011-DBB1-4C48-814C-7C695AD43C77}.Release|x86.ActiveCfg = Release|Any CPU
		{8F748011-DBB1-4C48-814C-7C695AD43C77}.Release|x86.Build.0 = Release|Any CPU
		{B67D2737-2157-44EC-93E1-362A575DA413}.Debug|Any CPU.ActiveCfg = Debug|Any CPU
		{B67D2737-2157-44EC-93E1-362A575DA413}.Debug|Any CPU.Build.0 = Debug|Any CPU
		{B67D2737-2157-44EC-93E1-362A575DA413}.Debug|x86.ActiveCfg = Debug|Any CPU
		{B67D2737-2157-44EC-93E1-362A575DA413}.Debug|x86.Build.0 = Debug|Any CPU
		{B67D2737-2157-44EC-93E1-362A575DA413}.Release|Any CPU.ActiveCfg = Release|Any CPU
		{B67D2737-2157-44EC-93E1-362A575DA413}.Release|Any CPU.Build.0 = Release|Any CPU
		{B67D2737-2157-44EC-93E1-362A575DA413}.Release|x86.ActiveCfg = Release|Any CPU
		{B67D2737-2157-44EC-93E1-362A575DA413}.Release|x86.Build.0 = Release|Any CPU
	EndGlobalSection
	GlobalSection(SolutionProperties) = preSolution
		HideSolutionNode = FALSE
	EndGlobalSection
	GlobalSection(NestedProjects) = preSolution
		{006396F7-D1FB-4692-9051-BFE60D7E12E1} = {DAC7C186-462A-41A7-9C33-D494AFB3258D}
		{DAC7C186-462A-41A7-9C33-D494AFB3258D} = {907F9C46-ABB2-43CB-A363-48493F60FC84}
		{974F1153-FFF2-4466-87E6-243860249725} = {DAC7C186-462A-41A7-9C33-D494AFB3258D}
		{1B85FACE-69C7-4165-ABF2-F219CB1B3888} = {974F1153-FFF2-4466-87E6-243860249725}
		{96712743-2DC6-49D3-AC06-FD1515442DD9} = {907F9C46-ABB2-43CB-A363-48493F60FC84}
		{506BF2D3-E031-4CDB-90A0-D0F3779E99CA} = {96712743-2DC6-49D3-AC06-FD1515442DD9}
		{46C9C0E2-5E6A-4CA0-B174-84CF77A511DD} = {96712743-2DC6-49D3-AC06-FD1515442DD9}
		{9BE08939-EAE8-4224-AC70-3A2E89FE5EB1} = {907F9C46-ABB2-43CB-A363-48493F60FC84}
		{8574DB4B-E280-4330-97BB-0B98D20ADA62} = {907F9C46-ABB2-43CB-A363-48493F60FC84}
		{160A6FC3-ECDE-4B48-907E-564FC4904BFA} = {8574DB4B-E280-4330-97BB-0B98D20ADA62}
		{E94C69CB-D7F5-4274-B0F5-340A91E76430} = {8574DB4B-E280-4330-97BB-0B98D20ADA62}
		{8EAE221C-985F-4998-90C2-1BAEA258851C} = {907F9C46-ABB2-43CB-A363-48493F60FC84}
		{EDCBFBC4-E2E0-4980-8F1D-CA0206AD6E92} = {8EAE221C-985F-4998-90C2-1BAEA258851C}
		{FB60A65B-15CF-4FF5-8F94-0B90B2F20D0C} = {8EAE221C-985F-4998-90C2-1BAEA258851C}
		{DBF17F44-5DEF-4FBF-A1D6-D821E504D233} = {907F9C46-ABB2-43CB-A363-48493F60FC84}
		{FB427D48-EB31-46B8-B779-8BE0A2D0F480} = {DBF17F44-5DEF-4FBF-A1D6-D821E504D233}
		{70EC0759-A9B9-49C3-8E34-FA3DEFECF401} = {DBF17F44-5DEF-4FBF-A1D6-D821E504D233}
		{E6001318-1D3A-4B58-A8F9-1C433BFD7960} = {9BE08939-EAE8-4224-AC70-3A2E89FE5EB1}
		{CA4C2E97-F565-4FC8-B7AD-FD63AEB4A8CC} = {9BE08939-EAE8-4224-AC70-3A2E89FE5EB1}
		{21A077F3-E229-4A54-9A82-6A2917211DD0} = {5C31FBCC-7988-47E5-A130-40FB8E3066A9}
		{BF6D6BAC-6C3E-4E1F-AD1F-4DD128568047} = {5C31FBCC-7988-47E5-A130-40FB8E3066A9}
		{8D89AFB8-ED2B-4973-B64C-AEA2CBD56FA0} = {DE71885B-5EE0-4949-AA7A-4E3D4F63D9E9}
		{44D4DCBF-C121-4584-A9E7-783819324E26} = {DE71885B-5EE0-4949-AA7A-4E3D4F63D9E9}
		{8F748011-DBB1-4C48-814C-7C695AD43C77} = {DE71885B-5EE0-4949-AA7A-4E3D4F63D9E9}
		{B67D2737-2157-44EC-93E1-362A575DA413} = {DE71885B-5EE0-4949-AA7A-4E3D4F63D9E9}
	EndGlobalSection
	GlobalSection(ExtensibilityGlobals) = postSolution
		SolutionGuid = {393DA5E0-6B41-4194-9B26-D502BC291872}
	EndGlobalSection
EndGlobal
